
Microsoft Visual Studio Solution File, Format Version 12.00
# Visual Studio Version 17
VisualStudioVersion = 17.2.32630.192
MinimumVisualStudioVersion = 10.0.40219.1
Project("{8BC9CEB8-8B4A-11D0-8D11-00A0C91BC942}") = "BST", "BST\BST.vcxproj", "{F144A64E-9DAA-468F-8806-3E6091411A62}"
EndProject
Global
	GlobalSection(SolutionConfigurationPlatforms) = preSolution
		Debug|x64 = Debug|x64
		Debug|x86 = Debug|x86
		Release|x64 = Release|x64
		Release|x86 = Release|x86
	EndGlobalSection
	GlobalSection(ProjectConfigurationPlatforms) = postSolution
		{F144A64E-9DAA-468F-8806-3E6091411A62}.Debug|x64.ActiveCfg = Debug|x64
		{F144A64E-9DAA-468F-8806-3E6091411A62}.Debug|x64.Build.0 = Debug|x64
		{F144A64E-9DAA-468F-8806-3E6091411A62}.Debug|x86.ActiveCfg = Debug|Win32
		{F144A64E-9DAA-468F-8806-3E6091411A62}.Debug|x86.Build.0 = Debug|Win32
		{F144A64E-9DAA-468F-8806-3E6091411A62}.Release|x64.ActiveCfg = Release|x64
		{F144A64E-9DAA-468F-8806-3E6091411A62}.Release|x64.Build.0 = Release|x64
		{F144A64E-9DAA-468F-8806-3E6091411A62}.Release|x86.ActiveCfg = Release|Win32
		{F144A64E-9DAA-468F-8806-3E6091411A62}.Release|x86.Build.0 = Release|Win32
	EndGlobalSection
	GlobalSection(SolutionProperties) = preSolution
		HideSolutionNode = FALSE
	EndGlobalSection
	GlobalSection(ExtensibilityGlobals) = postSolution
		SolutionGuid = {9E54C847-2912-4878-BAA8-9721037A2237}
	EndGlobalSection
EndGlobal
