
Microsoft Visual Studio Solution File, Format Version 12.00
# Visual Studio Version 16
VisualStudioVersion = 16.0.31624.102
MinimumVisualStudioVersion = 10.0.40219.1
Project("{8BC9CEB8-8B4A-11D0-8D11-00A0C91BC942}") = "Project5", "Project5\Project5.vcxproj", "{A350E978-F361-48C7-853A-C343DDFEDA49}"
EndProject
Global
	GlobalSection(SolutionConfigurationPlatforms) = preSolution
		Debug|x64 = Debug|x64
		Debug|x86 = Debug|x86
		Release|x64 = Release|x64
		Release|x86 = Release|x86
	EndGlobalSection
	GlobalSection(ProjectConfigurationPlatforms) = postSolution
		{A350E978-F361-48C7-853A-C343DDFEDA49}.Debug|x64.ActiveCfg = Debug|x64
		{A350E978-F361-48C7-853A-C343DDFEDA49}.Debug|x64.Build.0 = Debug|x64
		{A350E978-F361-48C7-853A-C343DDFEDA49}.Debug|x86.ActiveCfg = Debug|Win32
		{A350E978-F361-48C7-853A-C343DDFEDA49}.Debug|x86.Build.0 = Debug|Win32
		{A350E978-F361-48C7-853A-C343DDFEDA49}.Release|x64.ActiveCfg = Release|x64
		{A350E978-F361-48C7-853A-C343DDFEDA49}.Release|x64.Build.0 = Release|x64
		{A350E978-F361-48C7-853A-C343DDFEDA49}.Release|x86.ActiveCfg = Release|Win32
		{A350E978-F361-48C7-853A-C343DDFEDA49}.Release|x86.Build.0 = Release|Win32
	EndGlobalSection
	GlobalSection(SolutionProperties) = preSolution
		HideSolutionNode = FALSE
	EndGlobalSection
	GlobalSection(ExtensibilityGlobals) = postSolution
		SolutionGuid = {A6D6A843-E047-47E2-A98B-6653A846EC06}
	EndGlobalSection
EndGlobal
