
Microsoft Visual Studio Solution File, Format Version 12.00
# Visual Studio Version 17
VisualStudioVersion = 17.2.32630.192
MinimumVisualStudioVersion = 10.0.40219.1
Project("{8BC9CEB8-8B4A-11D0-8D11-00A0C91BC942}") = "algorithmsOnGraph", "algorithmsOnGraph\algorithmsOnGraph.vcxproj", "{54607FB5-58F7-4692-8A5D-89E244B650FE}"
EndProject
Global
	GlobalSection(SolutionConfigurationPlatforms) = preSolution
		Debug|x64 = Debug|x64
		Debug|x86 = Debug|x86
		Release|x64 = Release|x64
		Release|x86 = Release|x86
	EndGlobalSection
	GlobalSection(ProjectConfigurationPlatforms) = postSolution
		{54607FB5-58F7-4692-8A5D-89E244B650FE}.Debug|x64.ActiveCfg = Debug|x64
		{54607FB5-58F7-4692-8A5D-89E244B650FE}.Debug|x64.Build.0 = Debug|x64
		{54607FB5-58F7-4692-8A5D-89E244B650FE}.Debug|x86.ActiveCfg = Debug|Win32
		{54607FB5-58F7-4692-8A5D-89E244B650FE}.Debug|x86.Build.0 = Debug|Win32
		{54607FB5-58F7-4692-8A5D-89E244B650FE}.Release|x64.ActiveCfg = Release|x64
		{54607FB5-58F7-4692-8A5D-89E244B650FE}.Release|x64.Build.0 = Release|x64
		{54607FB5-58F7-4692-8A5D-89E244B650FE}.Release|x86.ActiveCfg = Release|Win32
		{54607FB5-58F7-4692-8A5D-89E244B650FE}.Release|x86.Build.0 = Release|Win32
	EndGlobalSection
	GlobalSection(SolutionProperties) = preSolution
		HideSolutionNode = FALSE
	EndGlobalSection
	GlobalSection(ExtensibilityGlobals) = postSolution
		SolutionGuid = {1135F46D-F218-45FB-AA45-8D02699C52FD}
	EndGlobalSection
EndGlobal
